// !$*UTF8*$!
{
	archiveVersion = 1;
	classes = {
	};
	objectVersion = 56;
	objects = {

/* Begin PBXBuildFile section */
		3119C86B2C7FF6DA0065AC66 /* CustomButton4.swift in Sources */ = {isa = PBXBuildFile; fileRef = 3119C86A2C7FF6DA0065AC66 /* CustomButton4.swift */; };
		31209B902CA855DA00D0A29C /* PDFService.swift in Sources */ = {isa = PBXBuildFile; fileRef = 31209B8F2CA855D100D0A29C /* PDFService.swift */; };
		31360F882CB57A930022D2B3 /* SDNewAccountGroup.swift in Sources */ = {isa = PBXBuildFile; fileRef = 31360F872CB57A7D0022D2B3 /* SDNewAccountGroup.swift */; };
		31360F8A2CB57B400022D2B3 /* SDNewAccountRecord.swift in Sources */ = {isa = PBXBuildFile; fileRef = 31360F892CB57B3A0022D2B3 /* SDNewAccountRecord.swift */; };
		31360F8C2CB582070022D2B3 /* SDSystem.swift in Sources */ = {isa = PBXBuildFile; fileRef = 31360F8B2CB582020022D2B3 /* SDSystem.swift */; };
		3149E7FD2CA9C16F006E47DB /* PDFParms.swift in Sources */ = {isa = PBXBuildFile; fileRef = 3149E7FC2CA9C16F006E47DB /* PDFParms.swift */; };
		3157CA7A2C862D1F00EFF483 /* TransJournalView.swift in Sources */ = {isa = PBXBuildFile; fileRef = 3157CA792C862D1F00EFF483 /* TransJournalView.swift */; };
		3158E2122C767713008027FB /* InterimJournalTransaction.swift in Sources */ = {isa = PBXBuildFile; fileRef = 3158E2112C767713008027FB /* InterimJournalTransaction.swift */; };
		318130482C7AA7B10096E215 /* OneTransactionView.swift in Sources */ = {isa = PBXBuildFile; fileRef = 318130472C7AA7B10096E215 /* OneTransactionView.swift */; };
		31A2853B2C7E79AC005953AB /* NewAccountGroup.swift in Sources */ = {isa = PBXBuildFile; fileRef = 31A2853A2C7E79AC005953AB /* NewAccountGroup.swift */; };
		31A2853D2C7E7A85005953AB /* NewAccountRecord.swift in Sources */ = {isa = PBXBuildFile; fileRef = 31A2853C2C7E7A85005953AB /* NewAccountRecord.swift */; };
		31A2853F2C7E7BF1005953AB /* NewAccountTransaction.swift in Sources */ = {isa = PBXBuildFile; fileRef = 31A2853E2C7E7BF1005953AB /* NewAccountTransaction.swift */; };
		31A285412C7E7C47005953AB /* NewTransactionSegment.swift in Sources */ = {isa = PBXBuildFile; fileRef = 31A285402C7E7C47005953AB /* NewTransactionSegment.swift */; };
		31A666272C7F992600D54835 /* FullTransaction.swift in Sources */ = {isa = PBXBuildFile; fileRef = 31A666262C7F992600D54835 /* FullTransaction.swift */; };
		31A8F4CA2C77970B00E14894 /* InterimChartofAccounts.swift in Sources */ = {isa = PBXBuildFile; fileRef = 31A8F4C92C77970B00E14894 /* InterimChartofAccounts.swift */; };
		31A8F4CC2C77A59C00E14894 /* LawCountView.swift in Sources */ = {isa = PBXBuildFile; fileRef = 31A8F4CB2C77A59C00E14894 /* LawCountView.swift */; };
		31BAFEE82CA86C2700316EA3 /* PDFShareView.swift in Sources */ = {isa = PBXBuildFile; fileRef = 31BAFEE72CA86C2700316EA3 /* PDFShareView.swift */; };
		31BAFEEA2CA86CF500316EA3 /* PDFViewer.swift in Sources */ = {isa = PBXBuildFile; fileRef = 31BAFEE92CA86CF500316EA3 /* PDFViewer.swift */; };
		31BAFEEC2CA86D6400316EA3 /* PDFKitRepresentedView.swift in Sources */ = {isa = PBXBuildFile; fileRef = 31BAFEEB2CA86D6400316EA3 /* PDFKitRepresentedView.swift */; };
		31C19A382C7A32A700D179D9 /* SelectTransactionView.swift in Sources */ = {isa = PBXBuildFile; fileRef = 31C19A372C7A32A700D179D9 /* SelectTransactionView.swift */; };
		31C762792C77F71A004385E8 /* DocumentsView.swift in Sources */ = {isa = PBXBuildFile; fileRef = 31C762782C77F71A004385E8 /* DocumentsView.swift */; };
		31C7627E2C77F7B2004385E8 /* CustomButton1.swift in Sources */ = {isa = PBXBuildFile; fileRef = 31C7627B2C77F7B2004385E8 /* CustomButton1.swift */; };
		31C7627F2C77F7B2004385E8 /* CustomButton.swift in Sources */ = {isa = PBXBuildFile; fileRef = 31C7627C2C77F7B2004385E8 /* CustomButton.swift */; };
		31C762802C77F7B2004385E8 /* CustomButton2.swift in Sources */ = {isa = PBXBuildFile; fileRef = 31C7627D2C77F7B2004385E8 /* CustomButton2.swift */; };
		31C762822C7806E6004385E8 /* ListTransactionsView.swift in Sources */ = {isa = PBXBuildFile; fileRef = 31C762812C7806E6004385E8 /* ListTransactionsView.swift */; };
		31C767512C7947BB007D5100 /* DateService.swift in Sources */ = {isa = PBXBuildFile; fileRef = 31C7674F2C7947BB007D5100 /* DateService.swift */; };
		31C767522C7947BB007D5100 /* FormattingService.swift in Sources */ = {isa = PBXBuildFile; fileRef = 31C767502C7947BB007D5100 /* FormattingService.swift */; };
		31CE1EE52C7B7DF100631B22 /* ListAccountsView.swift in Sources */ = {isa = PBXBuildFile; fileRef = 31CE1EE42C7B7DF100631B22 /* ListAccountsView.swift */; };
		31CE1EE72C7B8E7400631B22 /* OneGroupView.swift in Sources */ = {isa = PBXBuildFile; fileRef = 31CE1EE62C7B8E7400631B22 /* OneGroupView.swift */; };
		31D0D5912C7BEB8700A38064 /* CustomButton3.swift in Sources */ = {isa = PBXBuildFile; fileRef = 31D0D5902C7BEB8700A38064 /* CustomButton3.swift */; };
		31D3711D2C76540D0090D6FB /* Journal.txt in Resources */ = {isa = PBXBuildFile; fileRef = 31D3711C2C76540D0090D6FB /* Journal.txt */; };
		31D3711F2C7654610090D6FB /* CVM.swift in Sources */ = {isa = PBXBuildFile; fileRef = 31D3711E2C7654610090D6FB /* CVM.swift */; };
		31D371212C76590C0090D6FB /* Money.swift in Sources */ = {isa = PBXBuildFile; fileRef = 31D371202C76590C0090D6FB /* Money.swift */; };
		31D371232C7659130090D6FB /* ExtDate.swift in Sources */ = {isa = PBXBuildFile; fileRef = 31D371222C7659130090D6FB /* ExtDate.swift */; };
		31D371252C765B100090D6FB /* InterimJournalExtract.swift in Sources */ = {isa = PBXBuildFile; fileRef = 31D371242C765B100090D6FB /* InterimJournalExtract.swift */; };
		31D371272C765B410090D6FB /* ConvAcctNumber.swift in Sources */ = {isa = PBXBuildFile; fileRef = 31D371262C765B410090D6FB /* ConvAcctNumber.swift */; };
		31E797712C761FAE00B5A8B8 /* LawCountApp.swift in Sources */ = {isa = PBXBuildFile; fileRef = 31E797702C761FAE00B5A8B8 /* LawCountApp.swift */; };
		31E797732C761FAE00B5A8B8 /* ContentView.swift in Sources */ = {isa = PBXBuildFile; fileRef = 31E797722C761FAE00B5A8B8 /* ContentView.swift */; };
		31E797752C761FAE00B5A8B8 /* Item.swift in Sources */ = {isa = PBXBuildFile; fileRef = 31E797742C761FAE00B5A8B8 /* Item.swift */; };
		31E797772C761FAF00B5A8B8 /* Assets.xcassets in Resources */ = {isa = PBXBuildFile; fileRef = 31E797762C761FAF00B5A8B8 /* Assets.xcassets */; };
		31E7977B2C761FAF00B5A8B8 /* Preview Assets.xcassets in Resources */ = {isa = PBXBuildFile; fileRef = 31E7977A2C761FAF00B5A8B8 /* Preview Assets.xcassets */; };
		31E797852C7621F000B5A8B8 /* JSAccount.swift in Sources */ = {isa = PBXBuildFile; fileRef = 31E797842C7621F000B5A8B8 /* JSAccount.swift */; };
		31E797872C76225200B5A8B8 /* AccountNumber.swift in Sources */ = {isa = PBXBuildFile; fileRef = 31E797862C76225200B5A8B8 /* AccountNumber.swift */; };
		31EC995D2C7D4C0300516F38 /* OnFirstAppearModifier.swift in Sources */ = {isa = PBXBuildFile; fileRef = 31EC995C2C7D4C0300516F38 /* OnFirstAppearModifier.swift */; };
		31EEA75F2C77C8F1003BCBFA /* Router.swift in Sources */ = {isa = PBXBuildFile; fileRef = 31EEA75E2C77C8F1003BCBFA /* Router.swift */; };
		31F6318B2C78FD1100F5A82D /* NavigationStateManager.swift in Sources */ = {isa = PBXBuildFile; fileRef = 31F6318A2C78FD1100F5A82D /* NavigationStateManager.swift */; };
		31F6318D2C792C0500F5A82D /* ListDocumentsView.swift in Sources */ = {isa = PBXBuildFile; fileRef = 31F6318C2C792C0500F5A82D /* ListDocumentsView.swift */; };
/* End PBXBuildFile section */

/* Begin PBXFileReference section */
		3119C86A2C7FF6DA0065AC66 /* CustomButton4.swift */ = {isa = PBXFileReference; lastKnownFileType = sourcecode.swift; path = CustomButton4.swift; sourceTree = "<group>"; };
		31209B8F2CA855D100D0A29C /* PDFService.swift */ = {isa = PBXFileReference; lastKnownFileType = sourcecode.swift; path = PDFService.swift; sourceTree = "<group>"; };
		31360F872CB57A7D0022D2B3 /* SDNewAccountGroup.swift */ = {isa = PBXFileReference; lastKnownFileType = sourcecode.swift; path = SDNewAccountGroup.swift; sourceTree = "<group>"; };
		31360F892CB57B3A0022D2B3 /* SDNewAccountRecord.swift */ = {isa = PBXFileReference; lastKnownFileType = sourcecode.swift; path = SDNewAccountRecord.swift; sourceTree = "<group>"; };
		31360F8B2CB582020022D2B3 /* SDSystem.swift */ = {isa = PBXFileReference; lastKnownFileType = sourcecode.swift; path = SDSystem.swift; sourceTree = "<group>"; };
		3149E7FC2CA9C16F006E47DB /* PDFParms.swift */ = {isa = PBXFileReference; lastKnownFileType = sourcecode.swift; path = PDFParms.swift; sourceTree = "<group>"; };
		3157CA792C862D1F00EFF483 /* TransJournalView.swift */ = {isa = PBXFileReference; lastKnownFileType = sourcecode.swift; path = TransJournalView.swift; sourceTree = "<group>"; };
		3158E2112C767713008027FB /* InterimJournalTransaction.swift */ = {isa = PBXFileReference; lastKnownFileType = sourcecode.swift; path = InterimJournalTransaction.swift; sourceTree = "<group>"; };
		318130472C7AA7B10096E215 /* OneTransactionView.swift */ = {isa = PBXFileReference; lastKnownFileType = sourcecode.swift; path = OneTransactionView.swift; sourceTree = "<group>"; };
		31A2853A2C7E79AC005953AB /* NewAccountGroup.swift */ = {isa = PBXFileReference; lastKnownFileType = sourcecode.swift; path = NewAccountGroup.swift; sourceTree = "<group>"; };
		31A2853C2C7E7A85005953AB /* NewAccountRecord.swift */ = {isa = PBXFileReference; lastKnownFileType = sourcecode.swift; path = NewAccountRecord.swift; sourceTree = "<group>"; };
		31A2853E2C7E7BF1005953AB /* NewAccountTransaction.swift */ = {isa = PBXFileReference; lastKnownFileType = sourcecode.swift; path = NewAccountTransaction.swift; sourceTree = "<group>"; };
		31A285402C7E7C47005953AB /* NewTransactionSegment.swift */ = {isa = PBXFileReference; lastKnownFileType = sourcecode.swift; path = NewTransactionSegment.swift; sourceTree = "<group>"; };
		31A666262C7F992600D54835 /* FullTransaction.swift */ = {isa = PBXFileReference; lastKnownFileType = sourcecode.swift; path = FullTransaction.swift; sourceTree = "<group>"; };
		31A8F4C92C77970B00E14894 /* InterimChartofAccounts.swift */ = {isa = PBXFileReference; lastKnownFileType = sourcecode.swift; path = InterimChartofAccounts.swift; sourceTree = "<group>"; };
		31A8F4CB2C77A59C00E14894 /* LawCountView.swift */ = {isa = PBXFileReference; lastKnownFileType = sourcecode.swift; path = LawCountView.swift; sourceTree = "<group>"; };
		31BAFEE72CA86C2700316EA3 /* PDFShareView.swift */ = {isa = PBXFileReference; lastKnownFileType = sourcecode.swift; path = PDFShareView.swift; sourceTree = "<group>"; };
		31BAFEE92CA86CF500316EA3 /* PDFViewer.swift */ = {isa = PBXFileReference; lastKnownFileType = sourcecode.swift; path = PDFViewer.swift; sourceTree = "<group>"; };
		31BAFEEB2CA86D6400316EA3 /* PDFKitRepresentedView.swift */ = {isa = PBXFileReference; lastKnownFileType = sourcecode.swift; path = PDFKitRepresentedView.swift; sourceTree = "<group>"; };
		31C19A372C7A32A700D179D9 /* SelectTransactionView.swift */ = {isa = PBXFileReference; lastKnownFileType = sourcecode.swift; path = SelectTransactionView.swift; sourceTree = "<group>"; };
		31C762782C77F71A004385E8 /* DocumentsView.swift */ = {isa = PBXFileReference; lastKnownFileType = sourcecode.swift; path = DocumentsView.swift; sourceTree = "<group>"; };
		31C7627B2C77F7B2004385E8 /* CustomButton1.swift */ = {isa = PBXFileReference; fileEncoding = 4; lastKnownFileType = sourcecode.swift; path = CustomButton1.swift; sourceTree = "<group>"; };
		31C7627C2C77F7B2004385E8 /* CustomButton.swift */ = {isa = PBXFileReference; fileEncoding = 4; lastKnownFileType = sourcecode.swift; path = CustomButton.swift; sourceTree = "<group>"; };
		31C7627D2C77F7B2004385E8 /* CustomButton2.swift */ = {isa = PBXFileReference; fileEncoding = 4; lastKnownFileType = sourcecode.swift; path = CustomButton2.swift; sourceTree = "<group>"; };
		31C762812C7806E6004385E8 /* ListTransactionsView.swift */ = {isa = PBXFileReference; lastKnownFileType = sourcecode.swift; path = ListTransactionsView.swift; sourceTree = "<group>"; };
		31C7674F2C7947BB007D5100 /* DateService.swift */ = {isa = PBXFileReference; fileEncoding = 4; lastKnownFileType = sourcecode.swift; path = DateService.swift; sourceTree = "<group>"; };
		31C767502C7947BB007D5100 /* FormattingService.swift */ = {isa = PBXFileReference; fileEncoding = 4; lastKnownFileType = sourcecode.swift; path = FormattingService.swift; sourceTree = "<group>"; };
		31CE1EE42C7B7DF100631B22 /* ListAccountsView.swift */ = {isa = PBXFileReference; lastKnownFileType = sourcecode.swift; path = ListAccountsView.swift; sourceTree = "<group>"; };
		31CE1EE62C7B8E7400631B22 /* OneGroupView.swift */ = {isa = PBXFileReference; lastKnownFileType = sourcecode.swift; path = OneGroupView.swift; sourceTree = "<group>"; };
		31D0D5902C7BEB8700A38064 /* CustomButton3.swift */ = {isa = PBXFileReference; lastKnownFileType = sourcecode.swift; path = CustomButton3.swift; sourceTree = "<group>"; };
		31D3711C2C76540D0090D6FB /* Journal.txt */ = {isa = PBXFileReference; fileEncoding = 4; lastKnownFileType = text; path = Journal.txt; sourceTree = "<group>"; };
		31D3711E2C7654610090D6FB /* CVM.swift */ = {isa = PBXFileReference; lastKnownFileType = sourcecode.swift; path = CVM.swift; sourceTree = "<group>"; };
		31D371202C76590C0090D6FB /* Money.swift */ = {isa = PBXFileReference; fileEncoding = 4; lastKnownFileType = sourcecode.swift; path = Money.swift; sourceTree = "<group>"; };
		31D371222C7659130090D6FB /* ExtDate.swift */ = {isa = PBXFileReference; fileEncoding = 4; lastKnownFileType = sourcecode.swift; path = ExtDate.swift; sourceTree = "<group>"; };
		31D371242C765B100090D6FB /* InterimJournalExtract.swift */ = {isa = PBXFileReference; fileEncoding = 4; lastKnownFileType = sourcecode.swift; path = InterimJournalExtract.swift; sourceTree = "<group>"; };
		31D371262C765B410090D6FB /* ConvAcctNumber.swift */ = {isa = PBXFileReference; fileEncoding = 4; lastKnownFileType = sourcecode.swift; path = ConvAcctNumber.swift; sourceTree = "<group>"; };
		31E7976D2C761FAE00B5A8B8 /* LawCount.app */ = {isa = PBXFileReference; explicitFileType = wrapper.application; includeInIndex = 0; path = LawCount.app; sourceTree = BUILT_PRODUCTS_DIR; };
		31E797702C761FAE00B5A8B8 /* LawCountApp.swift */ = {isa = PBXFileReference; lastKnownFileType = sourcecode.swift; path = LawCountApp.swift; sourceTree = "<group>"; };
		31E797722C761FAE00B5A8B8 /* ContentView.swift */ = {isa = PBXFileReference; lastKnownFileType = sourcecode.swift; path = ContentView.swift; sourceTree = "<group>"; };
		31E797742C761FAE00B5A8B8 /* Item.swift */ = {isa = PBXFileReference; lastKnownFileType = sourcecode.swift; path = Item.swift; sourceTree = "<group>"; };
		31E797762C761FAF00B5A8B8 /* Assets.xcassets */ = {isa = PBXFileReference; lastKnownFileType = folder.assetcatalog; path = Assets.xcassets; sourceTree = "<group>"; };
		31E797782C761FAF00B5A8B8 /* LawCount.entitlements */ = {isa = PBXFileReference; lastKnownFileType = text.plist.entitlements; path = LawCount.entitlements; sourceTree = "<group>"; };
		31E7977A2C761FAF00B5A8B8 /* Preview Assets.xcassets */ = {isa = PBXFileReference; lastKnownFileType = folder.assetcatalog; path = "Preview Assets.xcassets"; sourceTree = "<group>"; };
		31E797842C7621F000B5A8B8 /* JSAccount.swift */ = {isa = PBXFileReference; lastKnownFileType = sourcecode.swift; path = JSAccount.swift; sourceTree = "<group>"; };
		31E797862C76225200B5A8B8 /* AccountNumber.swift */ = {isa = PBXFileReference; lastKnownFileType = sourcecode.swift; path = AccountNumber.swift; sourceTree = "<group>"; };
		31EC995C2C7D4C0300516F38 /* OnFirstAppearModifier.swift */ = {isa = PBXFileReference; lastKnownFileType = sourcecode.swift; path = OnFirstAppearModifier.swift; sourceTree = "<group>"; };
		31EEA75E2C77C8F1003BCBFA /* Router.swift */ = {isa = PBXFileReference; fileEncoding = 4; lastKnownFileType = sourcecode.swift; path = Router.swift; sourceTree = "<group>"; };
		31F6318A2C78FD1100F5A82D /* NavigationStateManager.swift */ = {isa = PBXFileReference; lastKnownFileType = sourcecode.swift; path = NavigationStateManager.swift; sourceTree = "<group>"; };
		31F6318C2C792C0500F5A82D /* ListDocumentsView.swift */ = {isa = PBXFileReference; lastKnownFileType = sourcecode.swift; path = ListDocumentsView.swift; sourceTree = "<group>"; };
/* End PBXFileReference section */

/* Begin PBXFrameworksBuildPhase section */
		31E7976A2C761FAE00B5A8B8 /* Frameworks */ = {
			isa = PBXFrameworksBuildPhase;
			buildActionMask = 2147483647;
			files = (
			);
			runOnlyForDeploymentPostprocessing = 0;
		};
/* End PBXFrameworksBuildPhase section */

/* Begin PBXGroup section */
		31360F862CB57A050022D2B3 /* SwiftDataModels */ = {
			isa = PBXGroup;
			children = (
				31360F8B2CB582020022D2B3 /* SDSystem.swift */,
				31360F892CB57B3A0022D2B3 /* SDNewAccountRecord.swift */,
				31360F872CB57A7D0022D2B3 /* SDNewAccountGroup.swift */,
			);
			path = SwiftDataModels;
			sourceTree = "<group>";
		};
		31BAFEE62CA86C0F00316EA3 /* PDFViews */ = {
			isa = PBXGroup;
			children = (
				31BAFEE72CA86C2700316EA3 /* PDFShareView.swift */,
				31BAFEE92CA86CF500316EA3 /* PDFViewer.swift */,
				31BAFEEB2CA86D6400316EA3 /* PDFKitRepresentedView.swift */,
			);
			path = PDFViews;
			sourceTree = "<group>";
		};
		31C7627A2C77F78B004385E8 /* Customizations */ = {
			isa = PBXGroup;
			children = (
				3149E7FC2CA9C16F006E47DB /* PDFParms.swift */,
				31C7627C2C77F7B2004385E8 /* CustomButton.swift */,
				31C7627B2C77F7B2004385E8 /* CustomButton1.swift */,
				31C7627D2C77F7B2004385E8 /* CustomButton2.swift */,
				31D0D5902C7BEB8700A38064 /* CustomButton3.swift */,
				3119C86A2C7FF6DA0065AC66 /* CustomButton4.swift */,
				31EC995C2C7D4C0300516F38 /* OnFirstAppearModifier.swift */,
			);
			path = Customizations;
			sourceTree = "<group>";
		};
		31C7674E2C7947A0007D5100 /* Services */ = {
			isa = PBXGroup;
			children = (
				31209B8F2CA855D100D0A29C /* PDFService.swift */,
				31C7674F2C7947BB007D5100 /* DateService.swift */,
				31C767502C7947BB007D5100 /* FormattingService.swift */,
			);
			path = Services;
			sourceTree = "<group>";
		};
		31D3711B2C7653E50090D6FB /* InputData */ = {
			isa = PBXGroup;
			children = (
				31D3711C2C76540D0090D6FB /* Journal.txt */,
			);
			path = InputData;
			sourceTree = "<group>";
		};
		31E797642C761FAE00B5A8B8 = {
			isa = PBXGroup;
			children = (
				31E7976F2C761FAE00B5A8B8 /* LawCount */,
				31E7976E2C761FAE00B5A8B8 /* Products */,
			);
			sourceTree = "<group>";
		};
		31E7976E2C761FAE00B5A8B8 /* Products */ = {
			isa = PBXGroup;
			children = (
				31E7976D2C761FAE00B5A8B8 /* LawCount.app */,
			);
			name = Products;
			sourceTree = "<group>";
		};
		31E7976F2C761FAE00B5A8B8 /* LawCount */ = {
			isa = PBXGroup;
			children = (
				31C7674E2C7947A0007D5100 /* Services */,
				31C7627A2C77F78B004385E8 /* Customizations */,
				31EEA7602C77CD56003BCBFA /* Views */,
				31D3711B2C7653E50090D6FB /* InputData */,
				31360F862CB57A050022D2B3 /* SwiftDataModels */,
				31E797812C7620F900B5A8B8 /* Models */,
				31E797702C761FAE00B5A8B8 /* LawCountApp.swift */,
				31E797722C761FAE00B5A8B8 /* ContentView.swift */,
				31E797742C761FAE00B5A8B8 /* Item.swift */,
				31E797762C761FAF00B5A8B8 /* Assets.xcassets */,
				31E797782C761FAF00B5A8B8 /* LawCount.entitlements */,
				31E797792C761FAF00B5A8B8 /* Preview Content */,
			);
			path = LawCount;
			sourceTree = "<group>";
		};
		31E797792C761FAF00B5A8B8 /* Preview Content */ = {
			isa = PBXGroup;
			children = (
				31E7977A2C761FAF00B5A8B8 /* Preview Assets.xcassets */,
			);
			path = "Preview Content";
			sourceTree = "<group>";
		};
		31E797812C7620F900B5A8B8 /* Models */ = {
			isa = PBXGroup;
			children = (
				3158E2112C767713008027FB /* InterimJournalTransaction.swift */,
				31A2853E2C7E7BF1005953AB /* NewAccountTransaction.swift */,
				31A285402C7E7C47005953AB /* NewTransactionSegment.swift */,
				31D371242C765B100090D6FB /* InterimJournalExtract.swift */,
				31A8F4C92C77970B00E14894 /* InterimChartofAccounts.swift */,
				31A2853A2C7E79AC005953AB /* NewAccountGroup.swift */,
				31A2853C2C7E7A85005953AB /* NewAccountRecord.swift */,
				31A666262C7F992600D54835 /* FullTransaction.swift */,
				31EEA75E2C77C8F1003BCBFA /* Router.swift */,
				31D371202C76590C0090D6FB /* Money.swift */,
				31D371262C765B410090D6FB /* ConvAcctNumber.swift */,
				31D371222C7659130090D6FB /* ExtDate.swift */,
				31E797842C7621F000B5A8B8 /* JSAccount.swift */,
				31E797862C76225200B5A8B8 /* AccountNumber.swift */,
				31D3711E2C7654610090D6FB /* CVM.swift */,
			);
			path = Models;
			sourceTree = "<group>";
		};
		31EEA7602C77CD56003BCBFA /* Views */ = {
			isa = PBXGroup;
			children = (
				31BAFEE62CA86C0F00316EA3 /* PDFViews */,
				31A8F4CB2C77A59C00E14894 /* LawCountView.swift */,
				31C762782C77F71A004385E8 /* DocumentsView.swift */,
				31F6318A2C78FD1100F5A82D /* NavigationStateManager.swift */,
				31F6318C2C792C0500F5A82D /* ListDocumentsView.swift */,
				31C19A372C7A32A700D179D9 /* SelectTransactionView.swift */,
				318130472C7AA7B10096E215 /* OneTransactionView.swift */,
				31C762812C7806E6004385E8 /* ListTransactionsView.swift */,
				31CE1EE42C7B7DF100631B22 /* ListAccountsView.swift */,
				31CE1EE62C7B8E7400631B22 /* OneGroupView.swift */,
				3157CA792C862D1F00EFF483 /* TransJournalView.swift */,
			);
			path = Views;
			sourceTree = "<group>";
		};
/* End PBXGroup section */

/* Begin PBXNativeTarget section */
		31E7976C2C761FAE00B5A8B8 /* LawCount */ = {
			isa = PBXNativeTarget;
			buildConfigurationList = 31E7977E2C761FAF00B5A8B8 /* Build configuration list for PBXNativeTarget "LawCount" */;
			buildPhases = (
				31E797692C761FAE00B5A8B8 /* Sources */,
				31E7976A2C761FAE00B5A8B8 /* Frameworks */,
				31E7976B2C761FAE00B5A8B8 /* Resources */,
			);
			buildRules = (
			);
			dependencies = (
			);
			name = LawCount;
			productName = LawCount;
			productReference = 31E7976D2C761FAE00B5A8B8 /* LawCount.app */;
			productType = "com.apple.product-type.application";
		};
/* End PBXNativeTarget section */

/* Begin PBXProject section */
		31E797652C761FAE00B5A8B8 /* Project object */ = {
			isa = PBXProject;
			attributes = {
				BuildIndependentTargetsInParallel = 1;
				LastSwiftUpdateCheck = 1540;
				LastUpgradeCheck = 1600;
				TargetAttributes = {
					31E7976C2C761FAE00B5A8B8 = {
						CreatedOnToolsVersion = 15.4;
					};
				};
			};
			buildConfigurationList = 31E797682C761FAE00B5A8B8 /* Build configuration list for PBXProject "LawCount" */;
			compatibilityVersion = "Xcode 14.0";
			developmentRegion = en;
			hasScannedForEncodings = 0;
			knownRegions = (
				en,
				Base,
			);
			mainGroup = 31E797642C761FAE00B5A8B8;
			productRefGroup = 31E7976E2C761FAE00B5A8B8 /* Products */;
			projectDirPath = "";
			projectRoot = "";
			targets = (
				31E7976C2C761FAE00B5A8B8 /* LawCount */,
			);
		};
/* End PBXProject section */

/* Begin PBXResourcesBuildPhase section */
		31E7976B2C761FAE00B5A8B8 /* Resources */ = {
			isa = PBXResourcesBuildPhase;
			buildActionMask = 2147483647;
			files = (
				31E7977B2C761FAF00B5A8B8 /* Preview Assets.xcassets in Resources */,
				31E797772C761FAF00B5A8B8 /* Assets.xcassets in Resources */,
				31D3711D2C76540D0090D6FB /* Journal.txt in Resources */,
			);
			runOnlyForDeploymentPostprocessing = 0;
		};
/* End PBXResourcesBuildPhase section */

/* Begin PBXSourcesBuildPhase section */
		31E797692C761FAE00B5A8B8 /* Sources */ = {
			isa = PBXSourcesBuildPhase;
			buildActionMask = 2147483647;
			files = (
				31A8F4CC2C77A59C00E14894 /* LawCountView.swift in Sources */,
				31CE1EE72C7B8E7400631B22 /* OneGroupView.swift in Sources */,
				31E797852C7621F000B5A8B8 /* JSAccount.swift in Sources */,
				31EC995D2C7D4C0300516F38 /* OnFirstAppearModifier.swift in Sources */,
				31E797732C761FAE00B5A8B8 /* ContentView.swift in Sources */,
				31D0D5912C7BEB8700A38064 /* CustomButton3.swift in Sources */,
				31F6318B2C78FD1100F5A82D /* NavigationStateManager.swift in Sources */,
				31F6318D2C792C0500F5A82D /* ListDocumentsView.swift in Sources */,
				31A8F4CA2C77970B00E14894 /* InterimChartofAccounts.swift in Sources */,
				31D371252C765B100090D6FB /* InterimJournalExtract.swift in Sources */,
				3149E7FD2CA9C16F006E47DB /* PDFParms.swift in Sources */,
				31C767522C7947BB007D5100 /* FormattingService.swift in Sources */,
				31BAFEEA2CA86CF500316EA3 /* PDFViewer.swift in Sources */,
				31A2853D2C7E7A85005953AB /* NewAccountRecord.swift in Sources */,
				31209B902CA855DA00D0A29C /* PDFService.swift in Sources */,
				3119C86B2C7FF6DA0065AC66 /* CustomButton4.swift in Sources */,
				31360F882CB57A930022D2B3 /* SDNewAccountGroup.swift in Sources */,
				31D371212C76590C0090D6FB /* Money.swift in Sources */,
				31C7627E2C77F7B2004385E8 /* CustomButton1.swift in Sources */,
				31C762822C7806E6004385E8 /* ListTransactionsView.swift in Sources */,
				31C762792C77F71A004385E8 /* DocumentsView.swift in Sources */,
				3158E2122C767713008027FB /* InterimJournalTransaction.swift in Sources */,
				31BAFEEC2CA86D6400316EA3 /* PDFKitRepresentedView.swift in Sources */,
				31A2853B2C7E79AC005953AB /* NewAccountGroup.swift in Sources */,
				3157CA7A2C862D1F00EFF483 /* TransJournalView.swift in Sources */,
				31BAFEE82CA86C2700316EA3 /* PDFShareView.swift in Sources */,
				31D3711F2C7654610090D6FB /* CVM.swift in Sources */,
				31A2853F2C7E7BF1005953AB /* NewAccountTransaction.swift in Sources */,
				31D371272C765B410090D6FB /* ConvAcctNumber.swift in Sources */,
				31E797752C761FAE00B5A8B8 /* Item.swift in Sources */,
				31C767512C7947BB007D5100 /* DateService.swift in Sources */,
				31EEA75F2C77C8F1003BCBFA /* Router.swift in Sources */,
				31360F8A2CB57B400022D2B3 /* SDNewAccountRecord.swift in Sources */,
				31C7627F2C77F7B2004385E8 /* CustomButton.swift in Sources */,
				31A666272C7F992600D54835 /* FullTransaction.swift in Sources */,
				31E797712C761FAE00B5A8B8 /* LawCountApp.swift in Sources */,
				31CE1EE52C7B7DF100631B22 /* ListAccountsView.swift in Sources */,
				31360F8C2CB582070022D2B3 /* SDSystem.swift in Sources */,
				318130482C7AA7B10096E215 /* OneTransactionView.swift in Sources */,
				31E797872C76225200B5A8B8 /* AccountNumber.swift in Sources */,
				31D371232C7659130090D6FB /* ExtDate.swift in Sources */,
				31C762802C77F7B2004385E8 /* CustomButton2.swift in Sources */,
				31A285412C7E7C47005953AB /* NewTransactionSegment.swift in Sources */,
				31C19A382C7A32A700D179D9 /* SelectTransactionView.swift in Sources */,
			);
			runOnlyForDeploymentPostprocessing = 0;
		};
/* End PBXSourcesBuildPhase section */

/* Begin XCBuildConfiguration section */
		31E7977C2C761FAF00B5A8B8 /* Debug */ = {
			isa = XCBuildConfiguration;
			buildSettings = {
				ALWAYS_SEARCH_USER_PATHS = NO;
				ASSETCATALOG_COMPILER_GENERATE_SWIFT_ASSET_SYMBOL_EXTENSIONS = YES;
				CLANG_ANALYZER_NONNULL = YES;
				CLANG_ANALYZER_NUMBER_OBJECT_CONVERSION = YES_AGGRESSIVE;
				CLANG_CXX_LANGUAGE_STANDARD = "gnu++20";
				CLANG_ENABLE_MODULES = YES;
				CLANG_ENABLE_OBJC_ARC = YES;
				CLANG_ENABLE_OBJC_WEAK = YES;
				CLANG_WARN_BLOCK_CAPTURE_AUTORELEASING = YES;
				CLANG_WARN_BOOL_CONVERSION = YES;
				CLANG_WARN_COMMA = YES;
				CLANG_WARN_CONSTANT_CONVERSION = YES;
				CLANG_WARN_DEPRECATED_OBJC_IMPLEMENTATIONS = YES;
				CLANG_WARN_DIRECT_OBJC_ISA_USAGE = YES_ERROR;
				CLANG_WARN_DOCUMENTATION_COMMENTS = YES;
				CLANG_WARN_EMPTY_BODY = YES;
				CLANG_WARN_ENUM_CONVERSION = YES;
				CLANG_WARN_INFINITE_RECURSION = YES;
				CLANG_WARN_INT_CONVERSION = YES;
				CLANG_WARN_NON_LITERAL_NULL_CONVERSION = YES;
				CLANG_WARN_OBJC_IMPLICIT_RETAIN_SELF = YES;
				CLANG_WARN_OBJC_LITERAL_CONVERSION = YES;
				CLANG_WARN_OBJC_ROOT_CLASS = YES_ERROR;
				CLANG_WARN_QUOTED_INCLUDE_IN_FRAMEWORK_HEADER = YES;
				CLANG_WARN_RANGE_LOOP_ANALYSIS = YES;
				CLANG_WARN_STRICT_PROTOTYPES = YES;
				CLANG_WARN_SUSPICIOUS_MOVE = YES;
				CLANG_WARN_UNGUARDED_AVAILABILITY = YES_AGGRESSIVE;
				CLANG_WARN_UNREACHABLE_CODE = YES;
				CLANG_WARN__DUPLICATE_METHOD_MATCH = YES;
				COPY_PHASE_STRIP = NO;
				DEAD_CODE_STRIPPING = YES;
				DEBUG_INFORMATION_FORMAT = dwarf;
				ENABLE_STRICT_OBJC_MSGSEND = YES;
				ENABLE_TESTABILITY = YES;
				ENABLE_USER_SCRIPT_SANDBOXING = YES;
				GCC_C_LANGUAGE_STANDARD = gnu17;
				GCC_DYNAMIC_NO_PIC = NO;
				GCC_NO_COMMON_BLOCKS = YES;
				GCC_OPTIMIZATION_LEVEL = 0;
				GCC_PREPROCESSOR_DEFINITIONS = (
					"DEBUG=1",
					"$(inherited)",
				);
				GCC_WARN_64_TO_32_BIT_CONVERSION = YES;
				GCC_WARN_ABOUT_RETURN_TYPE = YES_ERROR;
				GCC_WARN_UNDECLARED_SELECTOR = YES;
				GCC_WARN_UNINITIALIZED_AUTOS = YES_AGGRESSIVE;
				GCC_WARN_UNUSED_FUNCTION = YES;
				GCC_WARN_UNUSED_VARIABLE = YES;
				LOCALIZATION_PREFERS_STRING_CATALOGS = YES;
				MTL_ENABLE_DEBUG_INFO = INCLUDE_SOURCE;
				MTL_FAST_MATH = YES;
				ONLY_ACTIVE_ARCH = YES;
				SWIFT_ACTIVE_COMPILATION_CONDITIONS = "DEBUG $(inherited)";
				SWIFT_OPTIMIZATION_LEVEL = "-Onone";
			};
			name = Debug;
		};
		31E7977D2C761FAF00B5A8B8 /* Release */ = {
			isa = XCBuildConfiguration;
			buildSettings = {
				ALWAYS_SEARCH_USER_PATHS = NO;
				ASSETCATALOG_COMPILER_GENERATE_SWIFT_ASSET_SYMBOL_EXTENSIONS = YES;
				CLANG_ANALYZER_NONNULL = YES;
				CLANG_ANALYZER_NUMBER_OBJECT_CONVERSION = YES_AGGRESSIVE;
				CLANG_CXX_LANGUAGE_STANDARD = "gnu++20";
				CLANG_ENABLE_MODULES = YES;
				CLANG_ENABLE_OBJC_ARC = YES;
				CLANG_ENABLE_OBJC_WEAK = YES;
				CLANG_WARN_BLOCK_CAPTURE_AUTORELEASING = YES;
				CLANG_WARN_BOOL_CONVERSION = YES;
				CLANG_WARN_COMMA = YES;
				CLANG_WARN_CONSTANT_CONVERSION = YES;
				CLANG_WARN_DEPRECATED_OBJC_IMPLEMENTATIONS = YES;
				CLANG_WARN_DIRECT_OBJC_ISA_USAGE = YES_ERROR;
				CLANG_WARN_DOCUMENTATION_COMMENTS = YES;
				CLANG_WARN_EMPTY_BODY = YES;
				CLANG_WARN_ENUM_CONVERSION = YES;
				CLANG_WARN_INFINITE_RECURSION = YES;
				CLANG_WARN_INT_CONVERSION = YES;
				CLANG_WARN_NON_LITERAL_NULL_CONVERSION = YES;
				CLANG_WARN_OBJC_IMPLICIT_RETAIN_SELF = YES;
				CLANG_WARN_OBJC_LITERAL_CONVERSION = YES;
				CLANG_WARN_OBJC_ROOT_CLASS = YES_ERROR;
				CLANG_WARN_QUOTED_INCLUDE_IN_FRAMEWORK_HEADER = YES;
				CLANG_WARN_RANGE_LOOP_ANALYSIS = YES;
				CLANG_WARN_STRICT_PROTOTYPES = YES;
				CLANG_WARN_SUSPICIOUS_MOVE = YES;
				CLANG_WARN_UNGUARDED_AVAILABILITY = YES_AGGRESSIVE;
				CLANG_WARN_UNREACHABLE_CODE = YES;
				CLANG_WARN__DUPLICATE_METHOD_MATCH = YES;
				COPY_PHASE_STRIP = NO;
				DEAD_CODE_STRIPPING = YES;
				DEBUG_INFORMATION_FORMAT = "dwarf-with-dsym";
				ENABLE_NS_ASSERTIONS = NO;
				ENABLE_STRICT_OBJC_MSGSEND = YES;
				ENABLE_USER_SCRIPT_SANDBOXING = YES;
				GCC_C_LANGUAGE_STANDARD = gnu17;
				GCC_NO_COMMON_BLOCKS = YES;
				GCC_WARN_64_TO_32_BIT_CONVERSION = YES;
				GCC_WARN_ABOUT_RETURN_TYPE = YES_ERROR;
				GCC_WARN_UNDECLARED_SELECTOR = YES;
				GCC_WARN_UNINITIALIZED_AUTOS = YES_AGGRESSIVE;
				GCC_WARN_UNUSED_FUNCTION = YES;
				GCC_WARN_UNUSED_VARIABLE = YES;
				LOCALIZATION_PREFERS_STRING_CATALOGS = YES;
				MTL_ENABLE_DEBUG_INFO = NO;
				MTL_FAST_MATH = YES;
				SWIFT_COMPILATION_MODE = wholemodule;
			};
			name = Release;
		};
		31E7977F2C761FAF00B5A8B8 /* Debug */ = {
			isa = XCBuildConfiguration;
			buildSettings = {
				ASSETCATALOG_COMPILER_APPICON_NAME = AppIcon;
				ASSETCATALOG_COMPILER_GLOBAL_ACCENT_COLOR_NAME = AccentColor;
				CODE_SIGN_ENTITLEMENTS = LawCount/LawCount.entitlements;
				CODE_SIGN_STYLE = Automatic;
				CURRENT_PROJECT_VERSION = 1;
				DEAD_CODE_STRIPPING = YES;
				DEVELOPMENT_ASSET_PATHS = "\"LawCount/Preview Content\"";
				DEVELOPMENT_TEAM = 7W35AZ9EHX;
				ENABLE_HARDENED_RUNTIME = YES;
				ENABLE_PREVIEWS = YES;
				GENERATE_INFOPLIST_FILE = YES;
				"INFOPLIST_KEY_UIApplicationSceneManifest_Generation[sdk=iphoneos*]" = YES;
				"INFOPLIST_KEY_UIApplicationSceneManifest_Generation[sdk=iphonesimulator*]" = YES;
				"INFOPLIST_KEY_UIApplicationSupportsIndirectInputEvents[sdk=iphoneos*]" = YES;
				"INFOPLIST_KEY_UIApplicationSupportsIndirectInputEvents[sdk=iphonesimulator*]" = YES;
				"INFOPLIST_KEY_UILaunchScreen_Generation[sdk=iphoneos*]" = YES;
				"INFOPLIST_KEY_UILaunchScreen_Generation[sdk=iphonesimulator*]" = YES;
				"INFOPLIST_KEY_UIStatusBarStyle[sdk=iphoneos*]" = UIStatusBarStyleDefault;
				"INFOPLIST_KEY_UIStatusBarStyle[sdk=iphonesimulator*]" = UIStatusBarStyleDefault;
				INFOPLIST_KEY_UISupportedInterfaceOrientations_iPad = "UIInterfaceOrientationPortrait UIInterfaceOrientationPortraitUpsideDown UIInterfaceOrientationLandscapeLeft UIInterfaceOrientationLandscapeRight";
				INFOPLIST_KEY_UISupportedInterfaceOrientations_iPhone = "UIInterfaceOrientationPortrait UIInterfaceOrientationLandscapeLeft UIInterfaceOrientationLandscapeRight";
				IPHONEOS_DEPLOYMENT_TARGET = 17.5;
				LD_RUNPATH_SEARCH_PATHS = "@executable_path/Frameworks";
				"LD_RUNPATH_SEARCH_PATHS[sdk=macosx*]" = "@executable_path/../Frameworks";
				MACOSX_DEPLOYMENT_TARGET = 14.0;
				MARKETING_VERSION = 1.0;
				PRODUCT_BUNDLE_IDENTIFIER = com.alberslegal.LawCount;
				PRODUCT_NAME = "$(TARGET_NAME)";
				SDKROOT = auto;
				SUPPORTED_PLATFORMS = "iphoneos iphonesimulator macosx";
				SUPPORTS_MACCATALYST = YES;
				SWIFT_EMIT_LOC_STRINGS = YES;
				SWIFT_VERSION = 5.0;
				TARGETED_DEVICE_FAMILY = "1,2";
			};
			name = Debug;
		};
		31E797802C761FAF00B5A8B8 /* Release */ = {
			isa = XCBuildConfiguration;
			buildSettings = {
				ASSETCATALOG_COMPILER_APPICON_NAME = AppIcon;
				ASSETCATALOG_COMPILER_GLOBAL_ACCENT_COLOR_NAME = AccentColor;
				CODE_SIGN_ENTITLEMENTS = LawCount/LawCount.entitlements;
				CODE_SIGN_STYLE = Automatic;
				CURRENT_PROJECT_VERSION = 1;
				DEAD_CODE_STRIPPING = YES;
				DEVELOPMENT_ASSET_PATHS = "\"LawCount/Preview Content\"";
				DEVELOPMENT_TEAM = 7W35AZ9EHX;
				ENABLE_HARDENED_RUNTIME = YES;
				ENABLE_PREVIEWS = YES;
				GENERATE_INFOPLIST_FILE = YES;
				"INFOPLIST_KEY_UIApplicationSceneManifest_Generation[sdk=iphoneos*]" = YES;
				"INFOPLIST_KEY_UIApplicationSceneManifest_Generation[sdk=iphonesimulator*]" = YES;
				"INFOPLIST_KEY_UIApplicationSupportsIndirectInputEvents[sdk=iphoneos*]" = YES;
				"INFOPLIST_KEY_UIApplicationSupportsIndirectInputEvents[sdk=iphonesimulator*]" = YES;
				"INFOPLIST_KEY_UILaunchScreen_Generation[sdk=iphoneos*]" = YES;
				"INFOPLIST_KEY_UILaunchScreen_Generation[sdk=iphonesimulator*]" = YES;
				"INFOPLIST_KEY_UIStatusBarStyle[sdk=iphoneos*]" = UIStatusBarStyleDefault;
				"INFOPLIST_KEY_UIStatusBarStyle[sdk=iphonesimulator*]" = UIStatusBarStyleDefault;
				INFOPLIST_KEY_UISupportedInterfaceOrientations_iPad = "UIInterfaceOrientationPortrait UIInterfaceOrientationPortraitUpsideDown UIInterfaceOrientationLandscapeLeft UIInterfaceOrientationLandscapeRight";
				INFOPLIST_KEY_UISupportedInterfaceOrientations_iPhone = "UIInterfaceOrientationPortrait UIInterfaceOrientationLandscapeLeft UIInterfaceOrientationLandscapeRight";
				IPHONEOS_DEPLOYMENT_TARGET = 17.5;
				LD_RUNPATH_SEARCH_PATHS = "@executable_path/Frameworks";
				"LD_RUNPATH_SEARCH_PATHS[sdk=macosx*]" = "@executable_path/../Frameworks";
				MACOSX_DEPLOYMENT_TARGET = 14.0;
				MARKETING_VERSION = 1.0;
				PRODUCT_BUNDLE_IDENTIFIER = com.alberslegal.LawCount;
				PRODUCT_NAME = "$(TARGET_NAME)";
				SDKROOT = auto;
				SUPPORTED_PLATFORMS = "iphoneos iphonesimulator macosx";
				SUPPORTS_MACCATALYST = YES;
				SWIFT_EMIT_LOC_STRINGS = YES;
				SWIFT_VERSION = 5.0;
				TARGETED_DEVICE_FAMILY = "1,2";
			};
			name = Release;
		};
/* End XCBuildConfiguration section */

/* Begin XCConfigurationList section */
		31E797682C761FAE00B5A8B8 /* Build configuration list for PBXProject "LawCount" */ = {
			isa = XCConfigurationList;
			buildConfigurations = (
				31E7977C2C761FAF00B5A8B8 /* Debug */,
				31E7977D2C761FAF00B5A8B8 /* Release */,
			);
			defaultConfigurationIsVisible = 0;
			defaultConfigurationName = Release;
		};
		31E7977E2C761FAF00B5A8B8 /* Build configuration list for PBXNativeTarget "LawCount" */ = {
			isa = XCConfigurationList;
			buildConfigurations = (
				31E7977F2C761FAF00B5A8B8 /* Debug */,
				31E797802C761FAF00B5A8B8 /* Release */,
			);
			defaultConfigurationIsVisible = 0;
			defaultConfigurationName = Release;
		};
/* End XCConfigurationList section */
	};
	rootObject = 31E797652C761FAE00B5A8B8 /* Project object */;
}
